
Microsoft Visual Studio Solution File, Format Version 12.00
# Visual Studio Version 16
VisualStudioVersion = 16.0.30204.135
MinimumVisualStudioVersion = 10.0.40219.1
Project("{FAE04EC0-301F-11D3-BF4B-00C04F79EFBC}") = "formulario", "formulario.csproj", "{17207E8E-D1DC-4691-927E-C76830F52B1F}"
EndProject
Global
	GlobalSection(SolutionConfigurationPlatforms) = preSolution
		Debug|Any CPU = Debug|Any CPU
		Release|Any CPU = Release|Any CPU
	EndGlobalSection
	GlobalSection(ProjectConfigurationPlatforms) = postSolution
		{17207E8E-D1DC-4691-927E-C76830F52B1F}.Debug|Any CPU.ActiveCfg = Debug|Any CPU
		{17207E8E-D1DC-4691-927E-C76830F52B1F}.Debug|Any CPU.Build.0 = Debug|Any CPU
		{17207E8E-D1DC-4691-927E-C76830F52B1F}.Release|Any CPU.ActiveCfg = Release|Any CPU
		{17207E8E-D1DC-4691-927E-C76830F52B1F}.Release|Any CPU.Build.0 = Release|Any CPU
	EndGlobalSection
	GlobalSection(SolutionProperties) = preSolution
		HideSolutionNode = FALSE
	EndGlobalSection
	GlobalSection(ExtensibilityGlobals) = postSolution
		SolutionGuid = {C3429C44-CDE7-459A-B817-4EA26C495771}
	EndGlobalSection
EndGlobal
